
Microsoft Visual Studio Solution File, Format Version 12.00
# Visual Studio 2013
VisualStudioVersion = 12.0.31101.0
MinimumVisualStudioVersion = 10.0.40219.1
Project("{8BC9CEB8-8B4A-11D0-8D11-00A0C91BC942}") = "Car_Lab8", "Car_Lab8\Car_Lab8.vcxproj", "{A2F227A0-CA82-4641-9835-5F8A1E0964BE}"
EndProject
Global
	GlobalSection(SolutionConfigurationPlatforms) = preSolution
		Debug|Win32 = Debug|Win32
		Release|Win32 = Release|Win32
	EndGlobalSection
	GlobalSection(ProjectConfigurationPlatforms) = postSolution
		{A2F227A0-CA82-4641-9835-5F8A1E0964BE}.Debug|Win32.ActiveCfg = Debug|Win32
		{A2F227A0-CA82-4641-9835-5F8A1E0964BE}.Debug|Win32.Build.0 = Debug|Win32
		{A2F227A0-CA82-4641-9835-5F8A1E0964BE}.Release|Win32.ActiveCfg = Release|Win32
		{A2F227A0-CA82-4641-9835-5F8A1E0964BE}.Release|Win32.Build.0 = Release|Win32
	EndGlobalSection
	GlobalSection(SolutionProperties) = preSolution
		HideSolutionNode = FALSE
	EndGlobalSection
EndGlobal
